// !$*UTF8*$!
{
	archiveVersion = 1;
	classes = {
	};
	objectVersion = 46;
	objects = {

/* Begin PBXBuildFile section */
		170454321D052EC4006FF078 /* FileTableViewController.m in Sources */ = {isa = PBXBuildFile; fileRef = 170454311D052EC4006FF078 /* FileTableViewController.m */; };
		1704543B1D066199006FF078 /* DrawingViewController.m in Sources */ = {isa = PBXBuildFile; fileRef = 1704543A1D066199006FF078 /* DrawingViewController.m */; };
		170454401D066983006FF078 /* constants.m in Sources */ = {isa = PBXBuildFile; fileRef = 1704543F1D066983006FF078 /* constants.m */; };
		170454741D06B1C5006FF078 /* PaletteViewController.m in Sources */ = {isa = PBXBuildFile; fileRef = 170454731D06B1C5006FF078 /* PaletteViewController.m */; };
		170454771D06C822006FF078 /* InfHSBSupport.m in Sources */ = {isa = PBXBuildFile; fileRef = 170454761D06C822006FF078 /* InfHSBSupport.m */; };
		1704547D1D072885006FF078 /* InfColorIndicatorView.m in Sources */ = {isa = PBXBuildFile; fileRef = 1704547C1D072885006FF078 /* InfColorIndicatorView.m */; };
		170454801D07A74C006FF078 /* BarColorPicker.m in Sources */ = {isa = PBXBuildFile; fileRef = 1704547F1D07A74C006FF078 /* BarColorPicker.m */; };
		170454841D07C134006FF078 /* SquareColorPicker.m in Sources */ = {isa = PBXBuildFile; fileRef = 170454831D07C134006FF078 /* SquareColorPicker.m */; };
		170454B01D087508006FF078 /* CircleColcorPicker.m in Sources */ = {isa = PBXBuildFile; fileRef = 170454AF1D087508006FF078 /* CircleColcorPicker.m */; };
		1704551D1D391815006FF078 /* MainViewController+GestureHandler.m in Sources */ = {isa = PBXBuildFile; fileRef = 1704551C1D391815006FF078 /* MainViewController+GestureHandler.m */; };
		17135F721D011C830037625B /* main.m in Sources */ = {isa = PBXBuildFile; fileRef = 17135F711D011C830037625B /* main.m */; };
		17135F751D011C830037625B /* AppDelegate.m in Sources */ = {isa = PBXBuildFile; fileRef = 17135F741D011C830037625B /* AppDelegate.m */; };
		17135F781D011C830037625B /* MainViewController.m in Sources */ = {isa = PBXBuildFile; fileRef = 17135F771D011C830037625B /* MainViewController.m */; };
		17135F7B1D011C830037625B /* Main.storyboard in Resources */ = {isa = PBXBuildFile; fileRef = 17135F791D011C830037625B /* Main.storyboard */; };
		17135F801D011C830037625B /* LaunchScreen.storyboard in Resources */ = {isa = PBXBuildFile; fileRef = 17135F7E1D011C830037625B /* LaunchScreen.storyboard */; };
		17135F891D011D2D0037625B /* DrawingView.m in Sources */ = {isa = PBXBuildFile; fileRef = 17135F881D011D2D0037625B /* DrawingView.m */; };
		17135FAF1D01D5BB0037625B /* TranslucentToolbar.m in Sources */ = {isa = PBXBuildFile; fileRef = 17135FAE1D01D5BB0037625B /* TranslucentToolbar.m */; };
		17135FBB1D0252A90037625B /* Assets.xcassets in Resources */ = {isa = PBXBuildFile; fileRef = 17135FBA1D0252A90037625B /* Assets.xcassets */; };
		17135FD91D03AB840037625B /* PathList.plist in Resources */ = {isa = PBXBuildFile; fileRef = 17135FD81D03AB840037625B /* PathList.plist */; };
		174F323A1D3A04F8006FB4D5 /* Path.m in Sources */ = {isa = PBXBuildFile; fileRef = 174F32321D3A04F8006FB4D5 /* Path.m */; };
		174F323B1D3A04F8006FB4D5 /* PathBL.m in Sources */ = {isa = PBXBuildFile; fileRef = 174F32341D3A04F8006FB4D5 /* PathBL.m */; };
		174F323C1D3A04F8006FB4D5 /* PathDao.m in Sources */ = {isa = PBXBuildFile; fileRef = 174F32361D3A04F8006FB4D5 /* PathDao.m */; };
		174F323D1D3A04F8006FB4D5 /* PathPlistDataDelegate.m in Sources */ = {isa = PBXBuildFile; fileRef = 174F32391D3A04F8006FB4D5 /* PathPlistDataDelegate.m */; };
/* End PBXBuildFile section */

/* Begin PBXFileReference section */
		170454301D052EC4006FF078 /* FileTableViewController.h */ = {isa = PBXFileReference; fileEncoding = 4; lastKnownFileType = sourcecode.c.h; path = FileTableViewController.h; sourceTree = "<group>"; };
		170454311D052EC4006FF078 /* FileTableViewController.m */ = {isa = PBXFileReference; fileEncoding = 4; lastKnownFileType = sourcecode.c.objc; path = FileTableViewController.m; sourceTree = "<group>"; };
		170454391D066199006FF078 /* DrawingViewController.h */ = {isa = PBXFileReference; fileEncoding = 4; lastKnownFileType = sourcecode.c.h; path = DrawingViewController.h; sourceTree = "<group>"; };
		1704543A1D066199006FF078 /* DrawingViewController.m */ = {isa = PBXFileReference; fileEncoding = 4; lastKnownFileType = sourcecode.c.objc; path = DrawingViewController.m; sourceTree = "<group>"; };
		1704543C1D066910006FF078 /* constants.h */ = {isa = PBXFileReference; lastKnownFileType = sourcecode.c.h; path = constants.h; sourceTree = "<group>"; };
		1704543F1D066983006FF078 /* constants.m */ = {isa = PBXFileReference; fileEncoding = 4; lastKnownFileType = sourcecode.c.objc; path = constants.m; sourceTree = "<group>"; };
		170454721D06B1C5006FF078 /* PaletteViewController.h */ = {isa = PBXFileReference; fileEncoding = 4; lastKnownFileType = sourcecode.c.h; path = PaletteViewController.h; sourceTree = "<group>"; };
		170454731D06B1C5006FF078 /* PaletteViewController.m */ = {isa = PBXFileReference; fileEncoding = 4; lastKnownFileType = sourcecode.c.objc; path = PaletteViewController.m; sourceTree = "<group>"; };
		170454751D06C822006FF078 /* InfHSBSupport.h */ = {isa = PBXFileReference; fileEncoding = 4; lastKnownFileType = sourcecode.c.h; path = InfHSBSupport.h; sourceTree = "<group>"; };
		170454761D06C822006FF078 /* InfHSBSupport.m */ = {isa = PBXFileReference; fileEncoding = 4; lastKnownFileType = sourcecode.c.objc; path = InfHSBSupport.m; sourceTree = "<group>"; };
		1704547B1D072885006FF078 /* InfColorIndicatorView.h */ = {isa = PBXFileReference; fileEncoding = 4; lastKnownFileType = sourcecode.c.h; path = InfColorIndicatorView.h; sourceTree = "<group>"; };
		1704547C1D072885006FF078 /* InfColorIndicatorView.m */ = {isa = PBXFileReference; fileEncoding = 4; lastKnownFileType = sourcecode.c.objc; path = InfColorIndicatorView.m; sourceTree = "<group>"; };
		1704547E1D07A74C006FF078 /* BarColorPicker.h */ = {isa = PBXFileReference; fileEncoding = 4; lastKnownFileType = sourcecode.c.h; path = BarColorPicker.h; sourceTree = "<group>"; };
		1704547F1D07A74C006FF078 /* BarColorPicker.m */ = {isa = PBXFileReference; fileEncoding = 4; lastKnownFileType = sourcecode.c.objc; path = BarColorPicker.m; sourceTree = "<group>"; };
		170454821D07C134006FF078 /* SquareColorPicker.h */ = {isa = PBXFileReference; fileEncoding = 4; lastKnownFileType = sourcecode.c.h; path = SquareColorPicker.h; sourceTree = "<group>"; };
		170454831D07C134006FF078 /* SquareColorPicker.m */ = {isa = PBXFileReference; fileEncoding = 4; lastKnownFileType = sourcecode.c.objc; path = SquareColorPicker.m; sourceTree = "<group>"; };
		170454AE1D087508006FF078 /* CircleColcorPicker.h */ = {isa = PBXFileReference; fileEncoding = 4; lastKnownFileType = sourcecode.c.h; path = CircleColcorPicker.h; sourceTree = "<group>"; };
		170454AF1D087508006FF078 /* CircleColcorPicker.m */ = {isa = PBXFileReference; fileEncoding = 4; lastKnownFileType = sourcecode.c.objc; path = CircleColcorPicker.m; sourceTree = "<group>"; };
		1704551B1D391815006FF078 /* MainViewController+GestureHandler.h */ = {isa = PBXFileReference; fileEncoding = 4; lastKnownFileType = sourcecode.c.h; path = "MainViewController+GestureHandler.h"; sourceTree = "<group>"; };
		1704551C1D391815006FF078 /* MainViewController+GestureHandler.m */ = {isa = PBXFileReference; fileEncoding = 4; lastKnownFileType = sourcecode.c.objc; path = "MainViewController+GestureHandler.m"; sourceTree = "<group>"; };
		17135F6D1D011C830037625B /* Drawing.app */ = {isa = PBXFileReference; explicitFileType = wrapper.application; includeInIndex = 0; path = Drawing.app; sourceTree = BUILT_PRODUCTS_DIR; };
		17135F711D011C830037625B /* main.m */ = {isa = PBXFileReference; lastKnownFileType = sourcecode.c.objc; path = main.m; sourceTree = "<group>"; };
		17135F731D011C830037625B /* AppDelegate.h */ = {isa = PBXFileReference; lastKnownFileType = sourcecode.c.h; path = AppDelegate.h; sourceTree = "<group>"; };
		17135F741D011C830037625B /* AppDelegate.m */ = {isa = PBXFileReference; lastKnownFileType = sourcecode.c.objc; path = AppDelegate.m; sourceTree = "<group>"; };
		17135F761D011C830037625B /* MainViewController.h */ = {isa = PBXFileReference; lastKnownFileType = sourcecode.c.h; path = MainViewController.h; sourceTree = "<group>"; };
		17135F771D011C830037625B /* MainViewController.m */ = {isa = PBXFileReference; lastKnownFileType = sourcecode.c.objc; path = MainViewController.m; sourceTree = "<group>"; };
		17135F7A1D011C830037625B /* Base */ = {isa = PBXFileReference; lastKnownFileType = file.storyboard; name = Base; path = Base.lproj/Main.storyboard; sourceTree = "<group>"; };
		17135F7F1D011C830037625B /* Base */ = {isa = PBXFileReference; lastKnownFileType = file.storyboard; name = Base; path = Base.lproj/LaunchScreen.storyboard; sourceTree = "<group>"; };
		17135F811D011C830037625B /* Info.plist */ = {isa = PBXFileReference; lastKnownFileType = text.plist.xml; path = Info.plist; sourceTree = "<group>"; };
		17135F871D011D2D0037625B /* DrawingView.h */ = {isa = PBXFileReference; fileEncoding = 4; lastKnownFileType = sourcecode.c.h; path = DrawingView.h; sourceTree = "<group>"; };
		17135F881D011D2D0037625B /* DrawingView.m */ = {isa = PBXFileReference; fileEncoding = 4; lastKnownFileType = sourcecode.c.objc; path = DrawingView.m; sourceTree = "<group>"; };
		17135FAD1D01D5BB0037625B /* TranslucentToolbar.h */ = {isa = PBXFileReference; fileEncoding = 4; lastKnownFileType = sourcecode.c.h; path = TranslucentToolbar.h; sourceTree = "<group>"; };
		17135FAE1D01D5BB0037625B /* TranslucentToolbar.m */ = {isa = PBXFileReference; fileEncoding = 4; lastKnownFileType = sourcecode.c.objc; path = TranslucentToolbar.m; sourceTree = "<group>"; };
		17135FBA1D0252A90037625B /* Assets.xcassets */ = {isa = PBXFileReference; lastKnownFileType = folder.assetcatalog; path = Assets.xcassets; sourceTree = "<group>"; };
		17135FD81D03AB840037625B /* PathList.plist */ = {isa = PBXFileReference; fileEncoding = 4; lastKnownFileType = text.plist.xml; path = PathList.plist; sourceTree = "<group>"; };
		174F32311D3A04F8006FB4D5 /* Path.h */ = {isa = PBXFileReference; fileEncoding = 4; lastKnownFileType = sourcecode.c.h; name = Path.h; path = Drawing/Path.h; sourceTree = "<group>"; };
		174F32321D3A04F8006FB4D5 /* Path.m */ = {isa = PBXFileReference; fileEncoding = 4; lastKnownFileType = sourcecode.c.objc; name = Path.m; path = Drawing/Path.m; sourceTree = "<group>"; };
		174F32331D3A04F8006FB4D5 /* PathBL.h */ = {isa = PBXFileReference; fileEncoding = 4; lastKnownFileType = sourcecode.c.h; name = PathBL.h; path = Drawing/PathBL.h; sourceTree = "<group>"; };
		174F32341D3A04F8006FB4D5 /* PathBL.m */ = {isa = PBXFileReference; fileEncoding = 4; lastKnownFileType = sourcecode.c.objc; name = PathBL.m; path = Drawing/PathBL.m; sourceTree = "<group>"; };
		174F32351D3A04F8006FB4D5 /* PathDao.h */ = {isa = PBXFileReference; fileEncoding = 4; lastKnownFileType = sourcecode.c.h; name = PathDao.h; path = Drawing/PathDao.h; sourceTree = "<group>"; };
		174F32361D3A04F8006FB4D5 /* PathDao.m */ = {isa = PBXFileReference; fileEncoding = 4; lastKnownFileType = sourcecode.c.objc; name = PathDao.m; path = Drawing/PathDao.m; sourceTree = "<group>"; };
		174F32371D3A04F8006FB4D5 /* PathDataDelegate.h */ = {isa = PBXFileReference; fileEncoding = 4; lastKnownFileType = sourcecode.c.h; name = PathDataDelegate.h; path = Drawing/PathDataDelegate.h; sourceTree = "<group>"; };
		174F32381D3A04F8006FB4D5 /* PathPlistDataDelegate.h */ = {isa = PBXFileReference; fileEncoding = 4; lastKnownFileType = sourcecode.c.h; name = PathPlistDataDelegate.h; path = Drawing/PathPlistDataDelegate.h; sourceTree = "<group>"; };
		174F32391D3A04F8006FB4D5 /* PathPlistDataDelegate.m */ = {isa = PBXFileReference; fileEncoding = 4; lastKnownFileType = sourcecode.c.objc; name = PathPlistDataDelegate.m; path = Drawing/PathPlistDataDelegate.m; sourceTree = "<group>"; };
		174F323F1D3A0512006FB4D5 /* DrawingDataSource.h */ = {isa = PBXFileReference; fileEncoding = 4; lastKnownFileType = sourcecode.c.h; path = DrawingDataSource.h; sourceTree = "<group>"; };
/* End PBXFileReference section */

/* Begin PBXFrameworksBuildPhase section */
		17135F6A1D011C830037625B /* Frameworks */ = {
			isa = PBXFrameworksBuildPhase;
			buildActionMask = 2147483647;
			files = (
			);
			runOnlyForDeploymentPostprocessing = 0;
		};
/* End PBXFrameworksBuildPhase section */

/* Begin PBXGroup section */
		17135F641D011C830037625B = {
			isa = PBXGroup;
			children = (
				17135F701D011C830037625B /* Supporting Files */,
				17135FCF1D02D5A60037625B /* BusinessLayer */,
				17135FBC1D0262870037625B /* persistenceLayer */,
				17135F6F1D011C830037625B /* Drawing */,
				17135F6E1D011C830037625B /* Products */,
			);
			sourceTree = "<group>";
		};
		17135F6E1D011C830037625B /* Products */ = {
			isa = PBXGroup;
			children = (
				17135F6D1D011C830037625B /* Drawing.app */,
			);
			name = Products;
			sourceTree = "<group>";
		};
		17135F6F1D011C830037625B /* Drawing */ = {
			isa = PBXGroup;
			children = (
				1704547E1D07A74C006FF078 /* BarColorPicker.h */,
				1704547F1D07A74C006FF078 /* BarColorPicker.m */,
				170454AE1D087508006FF078 /* CircleColcorPicker.h */,
				170454AF1D087508006FF078 /* CircleColcorPicker.m */,
				174F323F1D3A0512006FB4D5 /* DrawingDataSource.h */,
				17135F871D011D2D0037625B /* DrawingView.h */,
				17135F881D011D2D0037625B /* DrawingView.m */,
				170454391D066199006FF078 /* DrawingViewController.h */,
				1704543A1D066199006FF078 /* DrawingViewController.m */,
				170454301D052EC4006FF078 /* FileTableViewController.h */,
				170454311D052EC4006FF078 /* FileTableViewController.m */,
				1704547B1D072885006FF078 /* InfColorIndicatorView.h */,
				1704547C1D072885006FF078 /* InfColorIndicatorView.m */,
				170454751D06C822006FF078 /* InfHSBSupport.h */,
				170454761D06C822006FF078 /* InfHSBSupport.m */,
				17135F791D011C830037625B /* Main.storyboard */,
				17135F761D011C830037625B /* MainViewController.h */,
				17135F771D011C830037625B /* MainViewController.m */,
				1704551B1D391815006FF078 /* MainViewController+GestureHandler.h */,
				1704551C1D391815006FF078 /* MainViewController+GestureHandler.m */,
				170454721D06B1C5006FF078 /* PaletteViewController.h */,
				170454731D06B1C5006FF078 /* PaletteViewController.m */,
				170454821D07C134006FF078 /* SquareColorPicker.h */,
				170454831D07C134006FF078 /* SquareColorPicker.m */,
				17135FAD1D01D5BB0037625B /* TranslucentToolbar.h */,
				17135FAE1D01D5BB0037625B /* TranslucentToolbar.m */,
			);
			path = Drawing;
			sourceTree = "<group>";
		};
		17135F701D011C830037625B /* Supporting Files */ = {
			isa = PBXGroup;
			children = (
				17135F731D011C830037625B /* AppDelegate.h */,
				17135F741D011C830037625B /* AppDelegate.m */,
				17135F7E1D011C830037625B /* LaunchScreen.storyboard */,
				17135F811D011C830037625B /* Info.plist */,
				17135FBA1D0252A90037625B /* Assets.xcassets */,
				17135F711D011C830037625B /* main.m */,
				17135FD81D03AB840037625B /* PathList.plist */,
				1704543C1D066910006FF078 /* constants.h */,
				1704543F1D066983006FF078 /* constants.m */,
			);
			name = "Supporting Files";
			path = Drawing;
			sourceTree = "<group>";
		};
		17135FBC1D0262870037625B /* persistenceLayer */ = {
			isa = PBXGroup;
			children = (
				174F32311D3A04F8006FB4D5 /* Path.h */,
				174F32321D3A04F8006FB4D5 /* Path.m */,
				174F32351D3A04F8006FB4D5 /* PathDao.h */,
				174F32361D3A04F8006FB4D5 /* PathDao.m */,
				174F32371D3A04F8006FB4D5 /* PathDataDelegate.h */,
				174F32381D3A04F8006FB4D5 /* PathPlistDataDelegate.h */,
				174F32391D3A04F8006FB4D5 /* PathPlistDataDelegate.m */,
			);
			name = persistenceLayer;
			sourceTree = "<group>";
		};
		17135FCF1D02D5A60037625B /* BusinessLayer */ = {
			isa = PBXGroup;
			children = (
				174F32331D3A04F8006FB4D5 /* PathBL.h */,
				174F32341D3A04F8006FB4D5 /* PathBL.m */,
			);
			name = BusinessLayer;
			sourceTree = "<group>";
		};
/* End PBXGroup section */

/* Begin PBXNativeTarget section */
		17135F6C1D011C830037625B /* Drawing */ = {
			isa = PBXNativeTarget;
			buildConfigurationList = 17135F841D011C830037625B /* Build configuration list for PBXNativeTarget "Drawing" */;
			buildPhases = (
				17135F691D011C830037625B /* Sources */,
				17135F6A1D011C830037625B /* Frameworks */,
				17135F6B1D011C830037625B /* Resources */,
			);
			buildRules = (
			);
			dependencies = (
			);
			name = Drawing;
			productName = Drawing;
			productReference = 17135F6D1D011C830037625B /* Drawing.app */;
			productType = "com.apple.product-type.application";
		};
/* End PBXNativeTarget section */

/* Begin PBXProject section */
		17135F651D011C830037625B /* Project object */ = {
			isa = PBXProject;
			attributes = {
				LastUpgradeCheck = 0730;
				ORGANIZATIONNAME = Coding;
				TargetAttributes = {
					17135F6C1D011C830037625B = {
						CreatedOnToolsVersion = 7.3.1;
						DevelopmentTeam = TQWU9HD7N3;
					};
				};
			};
			buildConfigurationList = 17135F681D011C830037625B /* Build configuration list for PBXProject "Drawing" */;
			compatibilityVersion = "Xcode 3.2";
			developmentRegion = English;
			hasScannedForEncodings = 0;
			knownRegions = (
				en,
				Base,
			);
			mainGroup = 17135F641D011C830037625B;
			productRefGroup = 17135F6E1D011C830037625B /* Products */;
			projectDirPath = "";
			projectRoot = "";
			targets = (
				17135F6C1D011C830037625B /* Drawing */,
			);
		};
/* End PBXProject section */

/* Begin PBXResourcesBuildPhase section */
		17135F6B1D011C830037625B /* Resources */ = {
			isa = PBXResourcesBuildPhase;
			buildActionMask = 2147483647;
			files = (
				17135F801D011C830037625B /* LaunchScreen.storyboard in Resources */,
				17135FBB1D0252A90037625B /* Assets.xcassets in Resources */,
				17135FD91D03AB840037625B /* PathList.plist in Resources */,
				17135F7B1D011C830037625B /* Main.storyboard in Resources */,
			);
			runOnlyForDeploymentPostprocessing = 0;
		};
/* End PBXResourcesBuildPhase section */

/* Begin PBXSourcesBuildPhase section */
		17135F691D011C830037625B /* Sources */ = {
			isa = PBXSourcesBuildPhase;
			buildActionMask = 2147483647;
			files = (
				174F323D1D3A04F8006FB4D5 /* PathPlistDataDelegate.m in Sources */,
				17135F891D011D2D0037625B /* DrawingView.m in Sources */,
				17135F781D011C830037625B /* MainViewController.m in Sources */,
				170454771D06C822006FF078 /* InfHSBSupport.m in Sources */,
				170454741D06B1C5006FF078 /* PaletteViewController.m in Sources */,
				170454B01D087508006FF078 /* CircleColcorPicker.m in Sources */,
				1704547D1D072885006FF078 /* InfColorIndicatorView.m in Sources */,
				170454401D066983006FF078 /* constants.m in Sources */,
				174F323C1D3A04F8006FB4D5 /* PathDao.m in Sources */,
				1704543B1D066199006FF078 /* DrawingViewController.m in Sources */,
				1704551D1D391815006FF078 /* MainViewController+GestureHandler.m in Sources */,
				17135F751D011C830037625B /* AppDelegate.m in Sources */,
				174F323A1D3A04F8006FB4D5 /* Path.m in Sources */,
				17135FAF1D01D5BB0037625B /* TranslucentToolbar.m in Sources */,
				174F323B1D3A04F8006FB4D5 /* PathBL.m in Sources */,
				170454801D07A74C006FF078 /* BarColorPicker.m in Sources */,
				170454321D052EC4006FF078 /* FileTableViewController.m in Sources */,
				17135F721D011C830037625B /* main.m in Sources */,
				170454841D07C134006FF078 /* SquareColorPicker.m in Sources */,
			);
			runOnlyForDeploymentPostprocessing = 0;
		};
/* End PBXSourcesBuildPhase section */

/* Begin PBXVariantGroup section */
		17135F791D011C830037625B /* Main.storyboard */ = {
			isa = PBXVariantGroup;
			children = (
				17135F7A1D011C830037625B /* Base */,
			);
			name = Main.storyboard;
			sourceTree = "<group>";
		};
		17135F7E1D011C830037625B /* LaunchScreen.storyboard */ = {
			isa = PBXVariantGroup;
			children = (
				17135F7F1D011C830037625B /* Base */,
			);
			name = LaunchScreen.storyboard;
			sourceTree = "<group>";
		};
/* End PBXVariantGroup section */

/* Begin XCBuildConfiguration section */
		17135F821D011C830037625B /* Debug */ = {
			isa = XCBuildConfiguration;
			buildSettings = {
				ALWAYS_SEARCH_USER_PATHS = NO;
				CLANG_ANALYZER_NONNULL = YES;
				CLANG_CXX_LANGUAGE_STANDARD = "gnu++0x";
				CLANG_CXX_LIBRARY = "libc++";
				CLANG_ENABLE_MODULES = YES;
				CLANG_ENABLE_OBJC_ARC = YES;
				CLANG_WARN_BOOL_CONVERSION = YES;
				CLANG_WARN_CONSTANT_CONVERSION = YES;
				CLANG_WARN_DIRECT_OBJC_ISA_USAGE = YES_ERROR;
				CLANG_WARN_EMPTY_BODY = YES;
				CLANG_WARN_ENUM_CONVERSION = YES;
				CLANG_WARN_INT_CONVERSION = YES;
				CLANG_WARN_OBJC_ROOT_CLASS = YES_ERROR;
				CLANG_WARN_UNREACHABLE_CODE = YES;
				CLANG_WARN__DUPLICATE_METHOD_MATCH = YES;
				"CODE_SIGN_IDENTITY[sdk=iphoneos*]" = "iPhone Developer";
				COPY_PHASE_STRIP = NO;
				DEBUG_INFORMATION_FORMAT = dwarf;
				ENABLE_STRICT_OBJC_MSGSEND = YES;
				ENABLE_TESTABILITY = YES;
				GCC_C_LANGUAGE_STANDARD = gnu99;
				GCC_DYNAMIC_NO_PIC = NO;
				GCC_NO_COMMON_BLOCKS = YES;
				GCC_OPTIMIZATION_LEVEL = 0;
				GCC_PREPROCESSOR_DEFINITIONS = (
					"DEBUG=1",
					"$(inherited)",
				);
				GCC_WARN_64_TO_32_BIT_CONVERSION = YES;
				GCC_WARN_ABOUT_RETURN_TYPE = YES_ERROR;
				GCC_WARN_UNDECLARED_SELECTOR = YES;
				GCC_WARN_UNINITIALIZED_AUTOS = YES_AGGRESSIVE;
				GCC_WARN_UNUSED_FUNCTION = YES;
				GCC_WARN_UNUSED_VARIABLE = YES;
				IPHONEOS_DEPLOYMENT_TARGET = 9.3;
				MTL_ENABLE_DEBUG_INFO = YES;
				ONLY_ACTIVE_ARCH = YES;
				SDKROOT = iphoneos;
				TARGETED_DEVICE_FAMILY = "1,2";
			};
			name = Debug;
		};
		17135F831D011C830037625B /* Release */ = {
			isa = XCBuildConfiguration;
			buildSettings = {
				ALWAYS_SEARCH_USER_PATHS = NO;
				CLANG_ANALYZER_NONNULL = YES;
				CLANG_CXX_LANGUAGE_STANDARD = "gnu++0x";
				CLANG_CXX_LIBRARY = "libc++";
				CLANG_ENABLE_MODULES = YES;
				CLANG_ENABLE_OBJC_ARC = YES;
				CLANG_WARN_BOOL_CONVERSION = YES;
				CLANG_WARN_CONSTANT_CONVERSION = YES;
				CLANG_WARN_DIRECT_OBJC_ISA_USAGE = YES_ERROR;
				CLANG_WARN_EMPTY_BODY = YES;
				CLANG_WARN_ENUM_CONVERSION = YES;
				CLANG_WARN_INT_CONVERSION = YES;
				CLANG_WARN_OBJC_ROOT_CLASS = YES_ERROR;
				CLANG_WARN_UNREACHABLE_CODE = YES;
				CLANG_WARN__DUPLICATE_METHOD_MATCH = YES;
				"CODE_SIGN_IDENTITY[sdk=iphoneos*]" = "iPhone Developer";
				COPY_PHASE_STRIP = NO;
				DEBUG_INFORMATION_FORMAT = "dwarf-with-dsym";
				ENABLE_NS_ASSERTIONS = NO;
				ENABLE_STRICT_OBJC_MSGSEND = YES;
				GCC_C_LANGUAGE_STANDARD = gnu99;
				GCC_NO_COMMON_BLOCKS = YES;
				GCC_WARN_64_TO_32_BIT_CONVERSION = YES;
				GCC_WARN_ABOUT_RETURN_TYPE = YES_ERROR;
				GCC_WARN_UNDECLARED_SELECTOR = YES;
				GCC_WARN_UNINITIALIZED_AUTOS = YES_AGGRESSIVE;
				GCC_WARN_UNUSED_FUNCTION = YES;
				GCC_WARN_UNUSED_VARIABLE = YES;
				IPHONEOS_DEPLOYMENT_TARGET = 9.3;
				MTL_ENABLE_DEBUG_INFO = NO;
				SDKROOT = iphoneos;
				TARGETED_DEVICE_FAMILY = "1,2";
				VALIDATE_PRODUCT = YES;
			};
			name = Release;
		};
		17135F851D011C830037625B /* Debug */ = {
			isa = XCBuildConfiguration;
			buildSettings = {
				ASSETCATALOG_COMPILER_APPICON_NAME = AppIcon;
				CODE_SIGN_IDENTITY = "iPhone Developer";
				"CODE_SIGN_IDENTITY[sdk=iphoneos*]" = "iPhone Developer";
				INFOPLIST_FILE = Drawing/Info.plist;
				LD_RUNPATH_SEARCH_PATHS = "$(inherited) @executable_path/Frameworks";
				PRODUCT_BUNDLE_IDENTIFIER = fglt.Drawing;
				PRODUCT_NAME = "$(TARGET_NAME)";
				PROVISIONING_PROFILE = "";
				TARGETED_DEVICE_FAMILY = "1,2";
			};
			name = Debug;
		};
		17135F861D011C830037625B /* Release */ = {
			isa = XCBuildConfiguration;
			buildSettings = {
				ASSETCATALOG_COMPILER_APPICON_NAME = AppIcon;
				CODE_SIGN_IDENTITY = "iPhone Developer";
				"CODE_SIGN_IDENTITY[sdk=iphoneos*]" = "iPhone Developer";
				INFOPLIST_FILE = Drawing/Info.plist;
				LD_RUNPATH_SEARCH_PATHS = "$(inherited) @executable_path/Frameworks";
				PRODUCT_BUNDLE_IDENTIFIER = fglt.Drawing;
				PRODUCT_NAME = "$(TARGET_NAME)";
				PROVISIONING_PROFILE = "";
				TARGETED_DEVICE_FAMILY = "1,2";
			};
			name = Release;
		};
/* End XCBuildConfiguration section */

/* Begin XCConfigurationList section */
		17135F681D011C830037625B /* Build configuration list for PBXProject "Drawing" */ = {
			isa = XCConfigurationList;
			buildConfigurations = (
				17135F821D011C830037625B /* Debug */,
				17135F831D011C830037625B /* Release */,
			);
			defaultConfigurationIsVisible = 0;
			defaultConfigurationName = Release;
		};
		17135F841D011C830037625B /* Build configuration list for PBXNativeTarget "Drawing" */ = {
			isa = XCConfigurationList;
			buildConfigurations = (
				17135F851D011C830037625B /* Debug */,
				17135F861D011C830037625B /* Release */,
			);
			defaultConfigurationIsVisible = 0;
			defaultConfigurationName = Release;
		};
/* End XCConfigurationList section */
	};
	rootObject = 17135F651D011C830037625B /* Project object */;
}
